
Microsoft Visual Studio Solution File, Format Version 12.00
# Visual Studio Version 16
VisualStudioVersion = 16.0.30413.136
MinimumVisualStudioVersion = 10.0.40219.1
Project("{FAE04EC0-301F-11D3-BF4B-00C04F79EFBC}") = "Parking4.0Cloud", "Parking4.0Cloud.csproj", "{D5EBF2B6-D9D6-442E-ADB7-91D0F2119A76}"
EndProject
Global
	GlobalSection(SolutionConfigurationPlatforms) = preSolution
		Debug|Any CPU = Debug|Any CPU
		Release|Any CPU = Release|Any CPU
	EndGlobalSection
	GlobalSection(ProjectConfigurationPlatforms) = postSolution
		{D5EBF2B6-D9D6-442E-ADB7-91D0F2119A76}.Debug|Any CPU.ActiveCfg = Debug|Any CPU
		{D5EBF2B6-D9D6-442E-ADB7-91D0F2119A76}.Debug|Any CPU.Build.0 = Debug|Any CPU
		{D5EBF2B6-D9D6-442E-ADB7-91D0F2119A76}.Release|Any CPU.ActiveCfg = Release|Any CPU
		{D5EBF2B6-D9D6-442E-ADB7-91D0F2119A76}.Release|Any CPU.Build.0 = Release|Any CPU
	EndGlobalSection
	GlobalSection(SolutionProperties) = preSolution
		HideSolutionNode = FALSE
	EndGlobalSection
	GlobalSection(ExtensibilityGlobals) = postSolution
		SolutionGuid = {AEAC87D7-9FD5-400A-AF2F-DED3950445EF}
	EndGlobalSection
EndGlobal
